
Microsoft Visual Studio Solution File, Format Version 12.00
# Visual Studio Version 17
VisualStudioVersion = 17.7.34031.279
MinimumVisualStudioVersion = 10.0.40219.1
Project("{FAE04EC0-301F-11D3-BF4B-00C04F79EFBC}") = "aplikacja06.04", "aplikacja06.04\aplikacja06.04.csproj", "{58E634C6-B5EC-4EB2-81D1-E6C58F3CB31C}"
EndProject
Global
	GlobalSection(SolutionConfigurationPlatforms) = preSolution
		Debug|Any CPU = Debug|Any CPU
		Release|Any CPU = Release|Any CPU
	EndGlobalSection
	GlobalSection(ProjectConfigurationPlatforms) = postSolution
		{58E634C6-B5EC-4EB2-81D1-E6C58F3CB31C}.Debug|Any CPU.ActiveCfg = Debug|Any CPU
		{58E634C6-B5EC-4EB2-81D1-E6C58F3CB31C}.Debug|Any CPU.Build.0 = Debug|Any CPU
		{58E634C6-B5EC-4EB2-81D1-E6C58F3CB31C}.Release|Any CPU.ActiveCfg = Release|Any CPU
		{58E634C6-B5EC-4EB2-81D1-E6C58F3CB31C}.Release|Any CPU.Build.0 = Release|Any CPU
	EndGlobalSection
	GlobalSection(SolutionProperties) = preSolution
		HideSolutionNode = FALSE
	EndGlobalSection
	GlobalSection(ExtensibilityGlobals) = postSolution
		SolutionGuid = {EA614E9F-334B-4A17-A07A-6C93D0FE7E92}
	EndGlobalSection
EndGlobal
