
Microsoft Visual Studio Solution File, Format Version 12.00
# Visual Studio Version 17
VisualStudioVersion = 17.7.34031.279
MinimumVisualStudioVersion = 10.0.40219.1
Project("{FAE04EC0-301F-11D3-BF4B-00C04F79EFBC}") = "CalculatorWPFApp", "CalculatorWPFApp\CalculatorWPFApp.csproj", "{F4FAEDB5-3463-42AB-8A40-BA0545133134}"
EndProject
Global
	GlobalSection(SolutionConfigurationPlatforms) = preSolution
		Debug|Any CPU = Debug|Any CPU
		Release|Any CPU = Release|Any CPU
	EndGlobalSection
	GlobalSection(ProjectConfigurationPlatforms) = postSolution
		{F4FAEDB5-3463-42AB-8A40-BA0545133134}.Debug|Any CPU.ActiveCfg = Debug|Any CPU
		{F4FAEDB5-3463-42AB-8A40-BA0545133134}.Debug|Any CPU.Build.0 = Debug|Any CPU
		{F4FAEDB5-3463-42AB-8A40-BA0545133134}.Release|Any CPU.ActiveCfg = Release|Any CPU
		{F4FAEDB5-3463-42AB-8A40-BA0545133134}.Release|Any CPU.Build.0 = Release|Any CPU
	EndGlobalSection
	GlobalSection(SolutionProperties) = preSolution
		HideSolutionNode = FALSE
	EndGlobalSection
	GlobalSection(ExtensibilityGlobals) = postSolution
		SolutionGuid = {6D050490-6660-49B5-A8E5-5D87A0A1D15D}
	EndGlobalSection
EndGlobal
