
Microsoft Visual Studio Solution File, Format Version 12.00
# Visual Studio Version 17
VisualStudioVersion = 17.7.34031.279
MinimumVisualStudioVersion = 10.0.40219.1
Project("{FAE04EC0-301F-11D3-BF4B-00C04F79EFBC}") = "CountriesAppWPF", "CountriesAppWPF\CountriesAppWPF.csproj", "{31D113F9-E53D-4A04-B603-F73B0EC89C8E}"
EndProject
Global
	GlobalSection(SolutionConfigurationPlatforms) = preSolution
		Debug|Any CPU = Debug|Any CPU
		Release|Any CPU = Release|Any CPU
	EndGlobalSection
	GlobalSection(ProjectConfigurationPlatforms) = postSolution
		{31D113F9-E53D-4A04-B603-F73B0EC89C8E}.Debug|Any CPU.ActiveCfg = Debug|Any CPU
		{31D113F9-E53D-4A04-B603-F73B0EC89C8E}.Debug|Any CPU.Build.0 = Debug|Any CPU
		{31D113F9-E53D-4A04-B603-F73B0EC89C8E}.Release|Any CPU.ActiveCfg = Release|Any CPU
		{31D113F9-E53D-4A04-B603-F73B0EC89C8E}.Release|Any CPU.Build.0 = Release|Any CPU
	EndGlobalSection
	GlobalSection(SolutionProperties) = preSolution
		HideSolutionNode = FALSE
	EndGlobalSection
	GlobalSection(ExtensibilityGlobals) = postSolution
		SolutionGuid = {709C32EF-DFD4-4ABE-BACB-744A108C4640}
	EndGlobalSection
EndGlobal
